Microsoft Visual Studio Solution File, Format Version 12.00
# Visual Studio Version 17
VisualStudioVersion = 17.5.2.0
MinimumVisualStudioVersion = 10.0.40219.1
Project("{2150E333-8FDC-42A3-9474-1A3956D46DE8}") = "src", "src", "{827E0CD3-B72D-47B6-A68D-7590B98EB39B}"
EndProject
Project("{FAE04EC0-301F-11D3-BF4B-00C04F79EFBC}") = "Metadata", "src\Metadata\Metadata.csproj", "{FB5183F1-BDB7-329F-E44F-BFFBAD6773C6}"
EndProject
Project("{FAE04EC0-301F-11D3-BF4B-00C04F79EFBC}") = "Github.Client", "src\Github.Client\Github.Client.csproj", "{633CB053-ED94-4A75-98A6-762F1B949D77}"
EndProject
Global
	GlobalSection(SolutionConfigurationPlatforms) = preSolution
		Debug|Any CPU = Debug|Any CPU
		Release|Any CPU = Release|Any CPU
	EndGlobalSection
	GlobalSection(ProjectConfigurationPlatforms) = postSolution
		{FB5183F1-BDB7-329F-E44F-BFFBAD6773C6}.Debug|Any CPU.ActiveCfg = Debug|Any CPU
		{FB5183F1-BDB7-329F-E44F-BFFBAD6773C6}.Debug|Any CPU.Build.0 = Debug|Any CPU
		{FB5183F1-BDB7-329F-E44F-BFFBAD6773C6}.Release|Any CPU.ActiveCfg = Release|Any CPU
		{FB5183F1-BDB7-329F-E44F-BFFBAD6773C6}.Release|Any CPU.Build.0 = Release|Any CPU
		{633CB053-ED94-4A75-98A6-762F1B949D77}.Debug|Any CPU.ActiveCfg = Debug|Any CPU
		{633CB053-ED94-4A75-98A6-762F1B949D77}.Debug|Any CPU.Build.0 = Debug|Any CPU
		{633CB053-ED94-4A75-98A6-762F1B949D77}.Release|Any CPU.ActiveCfg = Release|Any CPU
		{633CB053-ED94-4A75-98A6-762F1B949D77}.Release|Any CPU.Build.0 = Release|Any CPU
	EndGlobalSection
	GlobalSection(SolutionProperties) = preSolution
		HideSolutionNode = FALSE
	EndGlobalSection
	GlobalSection(NestedProjects) = preSolution
		{FB5183F1-BDB7-329F-E44F-BFFBAD6773C6} = {827E0CD3-B72D-47B6-A68D-7590B98EB39B}
		{633CB053-ED94-4A75-98A6-762F1B949D77} = {827E0CD3-B72D-47B6-A68D-7590B98EB39B}
	EndGlobalSection
	GlobalSection(ExtensibilityGlobals) = postSolution
		SolutionGuid = {99E0D178-F6B8-4F0C-931A-1AF6579872BB}
	EndGlobalSection
EndGlobal
